
Microsoft Visual Studio Solution File, Format Version 12.00
# Visual Studio 15
VisualStudioVersion = 15.0.26730.10
MinimumVisualStudioVersion = 10.0.40219.1
Project("{FAE04EC0-301F-11D3-BF4B-00C04F79EFBC}") = "AI_Character_Editor", "AI_WallDef_Editor\AI_Character_Editor.csproj", "{D6A58338-FC38-4FA7-817C-2AC70DDF396A}"
EndProject
Project("{FAE04EC0-301F-11D3-BF4B-00C04F79EFBC}") = "IDAParser", "IDAParser\IDAParser.csproj", "{91D42008-0256-45C5-8939-DCBF6C754294}"
EndProject
Global
	GlobalSection(SolutionConfigurationPlatforms) = preSolution
		Debug|Any CPU = Debug|Any CPU
		Release|Any CPU = Release|Any CPU
	EndGlobalSection
	GlobalSection(ProjectConfigurationPlatforms) = postSolution
		{D6A58338-FC38-4FA7-817C-2AC70DDF396A}.Debug|Any CPU.ActiveCfg = Debug|Any CPU
		{D6A58338-FC38-4FA7-817C-2AC70DDF396A}.Debug|Any CPU.Build.0 = Debug|Any CPU
		{D6A58338-FC38-4FA7-817C-2AC70DDF396A}.Release|Any CPU.ActiveCfg = Release|Any CPU
		{D6A58338-FC38-4FA7-817C-2AC70DDF396A}.Release|Any CPU.Build.0 = Release|Any CPU
		{91D42008-0256-45C5-8939-DCBF6C754294}.Debug|Any CPU.ActiveCfg = Debug|Any CPU
		{91D42008-0256-45C5-8939-DCBF6C754294}.Debug|Any CPU.Build.0 = Debug|Any CPU
		{91D42008-0256-45C5-8939-DCBF6C754294}.Release|Any CPU.ActiveCfg = Release|Any CPU
		{91D42008-0256-45C5-8939-DCBF6C754294}.Release|Any CPU.Build.0 = Release|Any CPU
	EndGlobalSection
	GlobalSection(SolutionProperties) = preSolution
		HideSolutionNode = FALSE
	EndGlobalSection
	GlobalSection(ExtensibilityGlobals) = postSolution
		SolutionGuid = {5ED372BE-ED5F-4E1D-A7F4-6D48EC313E61}
	EndGlobalSection
EndGlobal
